// !$*UTF8*$!
{
	archiveVersion = 1;
	classes = {
	};
	objectVersion = 56;
	objects = {

/* Begin PBXBuildFile section */
		08FA0B762A41EAEC00EC1E0D /* TargetNumberApp.swift in Sources */ = {isa = PBXBuildFile; fileRef = 08FA0B752A41EAEC00EC1E0D /* TargetNumberApp.swift */; };
		08FA0B782A41EAEC00EC1E0D /* ContentView.swift in Sources */ = {isa = PBXBuildFile; fileRef = 08FA0B772A41EAEC00EC1E0D /* ContentView.swift */; };
		08FA0B7A2A41EAEE00EC1E0D /* Assets.xcassets in Resources */ = {isa = PBXBuildFile; fileRef = 08FA0B792A41EAEE00EC1E0D /* Assets.xcassets */; };
		08FA0B7D2A41EAEE00EC1E0D /* Preview Assets.xcassets in Resources */ = {isa = PBXBuildFile; fileRef = 08FA0B7C2A41EAEE00EC1E0D /* Preview Assets.xcassets */; };
		08FA0B842A41EAF900EC1E0D /* UISliderRepresentation.swift in Sources */ = {isa = PBXBuildFile; fileRef = 08FA0B832A41EAF900EC1E0D /* UISliderRepresentation.swift */; };
		08FA0B862A41FF2400EC1E0D /* Compute.swift in Sources */ = {isa = PBXBuildFile; fileRef = 08FA0B852A41FF2400EC1E0D /* Compute.swift */; };
		08FA0B882A42031900EC1E0D /* ButtonView.swift in Sources */ = {isa = PBXBuildFile; fileRef = 08FA0B872A42031900EC1E0D /* ButtonView.swift */; };
		08FA0B8A2A420FDB00EC1E0D /* SliderView.swift in Sources */ = {isa = PBXBuildFile; fileRef = 08FA0B892A420FDB00EC1E0D /* SliderView.swift */; };
/* End PBXBuildFile section */

/* Begin PBXFileReference section */
		08FA0B722A41EAEC00EC1E0D /* TargetNumber.app */ = {isa = PBXFileReference; explicitFileType = wrapper.application; includeInIndex = 0; path = TargetNumber.app; sourceTree = BUILT_PRODUCTS_DIR; };
		08FA0B752A41EAEC00EC1E0D /* TargetNumberApp.swift */ = {isa = PBXFileReference; lastKnownFileType = sourcecode.swift; path = TargetNumberApp.swift; sourceTree = "<group>"; };
		08FA0B772A41EAEC00EC1E0D /* ContentView.swift */ = {isa = PBXFileReference; lastKnownFileType = sourcecode.swift; path = ContentView.swift; sourceTree = "<group>"; };
		08FA0B792A41EAEE00EC1E0D /* Assets.xcassets */ = {isa = PBXFileReference; lastKnownFileType = folder.assetcatalog; path = Assets.xcassets; sourceTree = "<group>"; };
		08FA0B7C2A41EAEE00EC1E0D /* Preview Assets.xcassets */ = {isa = PBXFileReference; lastKnownFileType = folder.assetcatalog; path = "Preview Assets.xcassets"; sourceTree = "<group>"; };
		08FA0B832A41EAF900EC1E0D /* UISliderRepresentation.swift */ = {isa = PBXFileReference; lastKnownFileType = sourcecode.swift; path = UISliderRepresentation.swift; sourceTree = "<group>"; };
		08FA0B852A41FF2400EC1E0D /* Compute.swift */ = {isa = PBXFileReference; lastKnownFileType = sourcecode.swift; path = Compute.swift; sourceTree = "<group>"; };
		08FA0B872A42031900EC1E0D /* ButtonView.swift */ = {isa = PBXFileReference; lastKnownFileType = sourcecode.swift; path = ButtonView.swift; sourceTree = "<group>"; };
		08FA0B892A420FDB00EC1E0D /* SliderView.swift */ = {isa = PBXFileReference; lastKnownFileType = sourcecode.swift; path = SliderView.swift; sourceTree = "<group>"; };
/* End PBXFileReference section */

/* Begin PBXFrameworksBuildPhase section */
		08FA0B6F2A41EAEC00EC1E0D /* Frameworks */ = {
			isa = PBXFrameworksBuildPhase;
			buildActionMask = 2147483647;
			files = (
			);
			runOnlyForDeploymentPostprocessing = 0;
		};
/* End PBXFrameworksBuildPhase section */

/* Begin PBXGroup section */
		08FA0B692A41EAEC00EC1E0D = {
			isa = PBXGroup;
			children = (
				08FA0B742A41EAEC00EC1E0D /* TargetNumber */,
				08FA0B732A41EAEC00EC1E0D /* Products */,
			);
			sourceTree = "<group>";
		};
		08FA0B732A41EAEC00EC1E0D /* Products */ = {
			isa = PBXGroup;
			children = (
				08FA0B722A41EAEC00EC1E0D /* TargetNumber.app */,
			);
			name = Products;
			sourceTree = "<group>";
		};
		08FA0B742A41EAEC00EC1E0D /* TargetNumber */ = {
			isa = PBXGroup;
			children = (
				08FA0B752A41EAEC00EC1E0D /* TargetNumberApp.swift */,
				08FA0B772A41EAEC00EC1E0D /* ContentView.swift */,
				08FA0B892A420FDB00EC1E0D /* SliderView.swift */,
				08FA0B872A42031900EC1E0D /* ButtonView.swift */,
				08FA0B852A41FF2400EC1E0D /* Compute.swift */,
				08FA0B832A41EAF900EC1E0D /* UISliderRepresentation.swift */,
				08FA0B792A41EAEE00EC1E0D /* Assets.xcassets */,
				08FA0B7B2A41EAEE00EC1E0D /* Preview Content */,
			);
			path = TargetNumber;
			sourceTree = "<group>";
		};
		08FA0B7B2A41EAEE00EC1E0D /* Preview Content */ = {
			isa = PBXGroup;
			children = (
				08FA0B7C2A41EAEE00EC1E0D /* Preview Assets.xcassets */,
			);
			path = "Preview Content";
			sourceTree = "<group>";
		};
/* End PBXGroup section */

/* Begin PBXNativeTarget section */
		08FA0B712A41EAEC00EC1E0D /* TargetNumber */ = {
			isa = PBXNativeTarget;
			buildConfigurationList = 08FA0B802A41EAEE00EC1E0D /* Build configuration list for PBXNativeTarget "TargetNumber" */;
			buildPhases = (
				08FA0B6E2A41EAEC00EC1E0D /* Sources */,
				08FA0B6F2A41EAEC00EC1E0D /* Frameworks */,
				08FA0B702A41EAEC00EC1E0D /* Resources */,
			);
			buildRules = (
			);
			dependencies = (
			);
			name = TargetNumber;
			productName = TargetNumber;
			productReference = 08FA0B722A41EAEC00EC1E0D /* TargetNumber.app */;
			productType = "com.apple.product-type.application";
		};
/* End PBXNativeTarget section */

/* Begin PBXProject section */
		08FA0B6A2A41EAEC00EC1E0D /* Project object */ = {
			isa = PBXProject;
			attributes = {
				BuildIndependentTargetsInParallel = 1;
				LastSwiftUpdateCheck = 1430;
				LastUpgradeCheck = 1430;
				TargetAttributes = {
					08FA0B712A41EAEC00EC1E0D = {
						CreatedOnToolsVersion = 14.3.1;
					};
				};
			};
			buildConfigurationList = 08FA0B6D2A41EAEC00EC1E0D /* Build configuration list for PBXProject "TargetNumber" */;
			compatibilityVersion = "Xcode 14.0";
			developmentRegion = en;
			hasScannedForEncodings = 0;
			knownRegions = (
				en,
				Base,
			);
			mainGroup = 08FA0B692A41EAEC00EC1E0D;
			productRefGroup = 08FA0B732A41EAEC00EC1E0D /* Products */;
			projectDirPath = "";
			projectRoot = "";
			targets = (
				08FA0B712A41EAEC00EC1E0D /* TargetNumber */,
			);
		};
/* End PBXProject section */

/* Begin PBXResourcesBuildPhase section */
		08FA0B702A41EAEC00EC1E0D /* Resources */ = {
			isa = PBXResourcesBuildPhase;
			buildActionMask = 2147483647;
			files = (
				08FA0B7D2A41EAEE00EC1E0D /* Preview Assets.xcassets in Resources */,
				08FA0B7A2A41EAEE00EC1E0D /* Assets.xcassets in Resources */,
			);
			runOnlyForDeploymentPostprocessing = 0;
		};
/* End PBXResourcesBuildPhase section */

/* Begin PBXSourcesBuildPhase section */
		08FA0B6E2A41EAEC00EC1E0D /* Sources */ = {
			isa = PBXSourcesBuildPhase;
			buildActionMask = 2147483647;
			files = (
				08FA0B862A41FF2400EC1E0D /* Compute.swift in Sources */,
				08FA0B782A41EAEC00EC1E0D /* ContentView.swift in Sources */,
				08FA0B882A42031900EC1E0D /* ButtonView.swift in Sources */,
				08FA0B8A2A420FDB00EC1E0D /* SliderView.swift in Sources */,
				08FA0B762A41EAEC00EC1E0D /* TargetNumberApp.swift in Sources */,
				08FA0B842A41EAF900EC1E0D /* UISliderRepresentation.swift in Sources */,
			);
			runOnlyForDeploymentPostprocessing = 0;
		};
/* End PBXSourcesBuildPhase section */

/* Begin XCBuildConfiguration section */
		08FA0B7E2A41EAEE00EC1E0D /* Debug */ = {
			isa = XCBuildConfiguration;
			buildSettings = {
				ALWAYS_SEARCH_USER_PATHS = NO;
				CLANG_ANALYZER_NONNULL = YES;
				CLANG_ANALYZER_NUMBER_OBJECT_CONVERSION = YES_AGGRESSIVE;
				CLANG_CXX_LANGUAGE_STANDARD = "gnu++20";
				CLANG_ENABLE_MODULES = YES;
				CLANG_ENABLE_OBJC_ARC = YES;
				CLANG_ENABLE_OBJC_WEAK = YES;
				CLANG_WARN_BLOCK_CAPTURE_AUTORELEASING = YES;
				CLANG_WARN_BOOL_CONVERSION = YES;
				CLANG_WARN_COMMA = YES;
				CLANG_WARN_CONSTANT_CONVERSION = YES;
				CLANG_WARN_DEPRECATED_OBJC_IMPLEMENTATIONS = YES;
				CLANG_WARN_DIRECT_OBJC_ISA_USAGE = YES_ERROR;
				CLANG_WARN_DOCUMENTATION_COMMENTS = YES;
				CLANG_WARN_EMPTY_BODY = YES;
				CLANG_WARN_ENUM_CONVERSION = YES;
				CLANG_WARN_INFINITE_RECURSION = YES;
				CLANG_WARN_INT_CONVERSION = YES;
				CLANG_WARN_NON_LITERAL_NULL_CONVERSION = YES;
				CLANG_WARN_OBJC_IMPLICIT_RETAIN_SELF = YES;
				CLANG_WARN_OBJC_LITERAL_CONVERSION = YES;
				CLANG_WARN_OBJC_ROOT_CLASS = YES_ERROR;
				CLANG_WARN_QUOTED_INCLUDE_IN_FRAMEWORK_HEADER = YES;
				CLANG_WARN_RANGE_LOOP_ANALYSIS = YES;
				CLANG_WARN_STRICT_PROTOTYPES = YES;
				CLANG_WARN_SUSPICIOUS_MOVE = YES;
				CLANG_WARN_UNGUARDED_AVAILABILITY = YES_AGGRESSIVE;
				CLANG_WARN_UNREACHABLE_CODE = YES;
				CLANG_WARN__DUPLICATE_METHOD_MATCH = YES;
				COPY_PHASE_STRIP = NO;
				DEBUG_INFORMATION_FORMAT = dwarf;
				ENABLE_STRICT_OBJC_MSGSEND = YES;
				ENABLE_TESTABILITY = YES;
				GCC_C_LANGUAGE_STANDARD = gnu11;
				GCC_DYNAMIC_NO_PIC = NO;
				GCC_NO_COMMON_BLOCKS = YES;
				GCC_OPTIMIZATION_LEVEL = 0;
				GCC_PREPROCESSOR_DEFINITIONS = (
					"DEBUG=1",
					"$(inherited)",
				);
				GCC_WARN_64_TO_32_BIT_CONVERSION = YES;
				GCC_WARN_ABOUT_RETURN_TYPE = YES_ERROR;
				GCC_WARN_UNDECLARED_SELECTOR = YES;
				GCC_WARN_UNINITIALIZED_AUTOS = YES_AGGRESSIVE;
				GCC_WARN_UNUSED_FUNCTION = YES;
				GCC_WARN_UNUSED_VARIABLE = YES;
				IPHONEOS_DEPLOYMENT_TARGET = 16.4;
				MTL_ENABLE_DEBUG_INFO = INCLUDE_SOURCE;
				MTL_FAST_MATH = YES;
				ONLY_ACTIVE_ARCH = YES;
				SDKROOT = iphoneos;
				SWIFT_ACTIVE_COMPILATION_CONDITIONS = DEBUG;
				SWIFT_OPTIMIZATION_LEVEL = "-Onone";
			};
			name = Debug;
		};
		08FA0B7F2A41EAEE00EC1E0D /* Release */ = {
			isa = XCBuildConfiguration;
			buildSettings = {
				ALWAYS_SEARCH_USER_PATHS = NO;
				CLANG_ANALYZER_NONNULL = YES;
				CLANG_ANALYZER_NUMBER_OBJECT_CONVERSION = YES_AGGRESSIVE;
				CLANG_CXX_LANGUAGE_STANDARD = "gnu++20";
				CLANG_ENABLE_MODULES = YES;
				CLANG_ENABLE_OBJC_ARC = YES;
				CLANG_ENABLE_OBJC_WEAK = YES;
				CLANG_WARN_BLOCK_CAPTURE_AUTORELEASING = YES;
				CLANG_WARN_BOOL_CONVERSION = YES;
				CLANG_WARN_COMMA = YES;
				CLANG_WARN_CONSTANT_CONVERSION = YES;
				CLANG_WARN_DEPRECATED_OBJC_IMPLEMENTATIONS = YES;
				CLANG_WARN_DIRECT_OBJC_ISA_USAGE = YES_ERROR;
				CLANG_WARN_DOCUMENTATION_COMMENTS = YES;
				CLANG_WARN_EMPTY_BODY = YES;
				CLANG_WARN_ENUM_CONVERSION = YES;
				CLANG_WARN_INFINITE_RECURSION = YES;
				CLANG_WARN_INT_CONVERSION = YES;
				CLANG_WARN_NON_LITERAL_NULL_CONVERSION = YES;
				CLANG_WARN_OBJC_IMPLICIT_RETAIN_SELF = YES;
				CLANG_WARN_OBJC_LITERAL_CONVERSION = YES;
				CLANG_WARN_OBJC_ROOT_CLASS = YES_ERROR;
				CLANG_WARN_QUOTED_INCLUDE_IN_FRAMEWORK_HEADER = YES;
				CLANG_WARN_RANGE_LOOP_ANALYSIS = YES;
				CLANG_WARN_STRICT_PROTOTYPES = YES;
				CLANG_WARN_SUSPICIOUS_MOVE = YES;
				CLANG_WARN_UNGUARDED_AVAILABILITY = YES_AGGRESSIVE;
				CLANG_WARN_UNREACHABLE_CODE = YES;
				CLANG_WARN__DUPLICATE_METHOD_MATCH = YES;
				COPY_PHASE_STRIP = NO;
				DEBUG_INFORMATION_FORMAT = "dwarf-with-dsym";
				ENABLE_NS_ASSERTIONS = NO;
				ENABLE_STRICT_OBJC_MSGSEND = YES;
				GCC_C_LANGUAGE_STANDARD = gnu11;
				GCC_NO_COMMON_BLOCKS = YES;
				GCC_WARN_64_TO_32_BIT_CONVERSION = YES;
				GCC_WARN_ABOUT_RETURN_TYPE = YES_ERROR;
				GCC_WARN_UNDECLARED_SELECTOR = YES;
				GCC_WARN_UNINITIALIZED_AUTOS = YES_AGGRESSIVE;
				GCC_WARN_UNUSED_FUNCTION = YES;
				GCC_WARN_UNUSED_VARIABLE = YES;
				IPHONEOS_DEPLOYMENT_TARGET = 16.4;
				MTL_ENABLE_DEBUG_INFO = NO;
				MTL_FAST_MATH = YES;
				SDKROOT = iphoneos;
				SWIFT_COMPILATION_MODE = wholemodule;
				SWIFT_OPTIMIZATION_LEVEL = "-O";
				VALIDATE_PRODUCT = YES;
			};
			name = Release;
		};
		08FA0B812A41EAEE00EC1E0D /* Debug */ = {
			isa = XCBuildConfiguration;
			buildSettings = {
				ASSETCATALOG_COMPILER_APPICON_NAME = AppIcon;
				ASSETCATALOG_COMPILER_GLOBAL_ACCENT_COLOR_NAME = AccentColor;
				CODE_SIGN_STYLE = Automatic;
				CURRENT_PROJECT_VERSION = 1;
				DEVELOPMENT_ASSET_PATHS = "\"TargetNumber/Preview Content\"";
				DEVELOPMENT_TEAM = NCB777A2J8;
				ENABLE_PREVIEWS = YES;
				GENERATE_INFOPLIST_FILE = YES;
				INFOPLIST_KEY_UIApplicationSceneManifest_Generation = YES;
				INFOPLIST_KEY_UIApplicationSupportsIndirectInputEvents = YES;
				INFOPLIST_KEY_UILaunchScreen_Generation = YES;
				INFOPLIST_KEY_UISupportedInterfaceOrientations_iPad = "UIInterfaceOrientationPortrait UIInterfaceOrientationPortraitUpsideDown UIInterfaceOrientationLandscapeLeft UIInterfaceOrientationLandscapeRight";
				INFOPLIST_KEY_UISupportedInterfaceOrientations_iPhone = "UIInterfaceOrientationPortrait UIInterfaceOrientationLandscapeLeft UIInterfaceOrientationLandscapeRight";
				LD_RUNPATH_SEARCH_PATHS = (
					"$(inherited)",
					"@executable_path/Frameworks",
				);
				MARKETING_VERSION = 1.0;
				PRODUCT_BUNDLE_IDENTIFIER = Alikexie.TargetNumber;
				PRODUCT_NAME = "$(TARGET_NAME)";
				SWIFT_EMIT_LOC_STRINGS = YES;
				SWIFT_VERSION = 5.0;
				TARGETED_DEVICE_FAMILY = "1,2";
			};
			name = Debug;
		};
		08FA0B822A41EAEE00EC1E0D /* Release */ = {
			isa = XCBuildConfiguration;
			buildSettings = {
				ASSETCATALOG_COMPILER_APPICON_NAME = AppIcon;
				ASSETCATALOG_COMPILER_GLOBAL_ACCENT_COLOR_NAME = AccentColor;
				CODE_SIGN_STYLE = Automatic;
				CURRENT_PROJECT_VERSION = 1;
				DEVELOPMENT_ASSET_PATHS = "\"TargetNumber/Preview Content\"";
				DEVELOPMENT_TEAM = NCB777A2J8;
				ENABLE_PREVIEWS = YES;
				GENERATE_INFOPLIST_FILE = YES;
				INFOPLIST_KEY_UIApplicationSceneManifest_Generation = YES;
				INFOPLIST_KEY_UIApplicationSupportsIndirectInputEvents = YES;
				INFOPLIST_KEY_UILaunchScreen_Generation = YES;
				INFOPLIST_KEY_UISupportedInterfaceOrientations_iPad = "UIInterfaceOrientationPortrait UIInterfaceOrientationPortraitUpsideDown UIInterfaceOrientationLandscapeLeft UIInterfaceOrientationLandscapeRight";
				INFOPLIST_KEY_UISupportedInterfaceOrientations_iPhone = "UIInterfaceOrientationPortrait UIInterfaceOrientationLandscapeLeft UIInterfaceOrientationLandscapeRight";
				LD_RUNPATH_SEARCH_PATHS = (
					"$(inherited)",
					"@executable_path/Frameworks",
				);
				MARKETING_VERSION = 1.0;
				PRODUCT_BUNDLE_IDENTIFIER = Alikexie.TargetNumber;
				PRODUCT_NAME = "$(TARGET_NAME)";
				SWIFT_EMIT_LOC_STRINGS = YES;
				SWIFT_VERSION = 5.0;
				TARGETED_DEVICE_FAMILY = "1,2";
			};
			name = Release;
		};
/* End XCBuildConfiguration section */

/* Begin XCConfigurationList section */
		08FA0B6D2A41EAEC00EC1E0D /* Build configuration list for PBXProject "TargetNumber" */ = {
			isa = XCConfigurationList;
			buildConfigurations = (
				08FA0B7E2A41EAEE00EC1E0D /* Debug */,
				08FA0B7F2A41EAEE00EC1E0D /* Release */,
			);
			defaultConfigurationIsVisible = 0;
			defaultConfigurationName = Release;
		};
		08FA0B802A41EAEE00EC1E0D /* Build configuration list for PBXNativeTarget "TargetNumber" */ = {
			isa = XCConfigurationList;
			buildConfigurations = (
				08FA0B812A41EAEE00EC1E0D /* Debug */,
				08FA0B822A41EAEE00EC1E0D /* Release */,
			);
			defaultConfigurationIsVisible = 0;
			defaultConfigurationName = Release;
		};
/* End XCConfigurationList section */
	};
	rootObject = 08FA0B6A2A41EAEC00EC1E0D /* Project object */;
}
